// !$*UTF8*$!
{
	archiveVersion = 1;
	classes = {
	};
	objectVersion = 56;
	objects = {

/* Begin PBXBuildFile section */
		DE58AFE12A093DE400173718 /* PokedexApp.swift in Sources */ = {isa = PBXBuildFile; fileRef = DE58AFE02A093DE400173718 /* PokedexApp.swift */; };
		DE58AFE32A093DE400173718 /* ContentView.swift in Sources */ = {isa = PBXBuildFile; fileRef = DE58AFE22A093DE400173718 /* ContentView.swift */; };
		DE58AFE52A093DE500173718 /* Assets.xcassets in Resources */ = {isa = PBXBuildFile; fileRef = DE58AFE42A093DE500173718 /* Assets.xcassets */; };
		DE58AFE92A093DE500173718 /* Preview Assets.xcassets in Resources */ = {isa = PBXBuildFile; fileRef = DE58AFE82A093DE500173718 /* Preview Assets.xcassets */; };
		DE58AFF32A093DE500173718 /* PokedexTests.swift in Sources */ = {isa = PBXBuildFile; fileRef = DE58AFF22A093DE500173718 /* PokedexTests.swift */; };
		DE58AFFD2A093DE500173718 /* PokedexUITests.swift in Sources */ = {isa = PBXBuildFile; fileRef = DE58AFFC2A093DE500173718 /* PokedexUITests.swift */; };
		DE58AFFF2A093DE500173718 /* PokedexUITestsLaunchTests.swift in Sources */ = {isa = PBXBuildFile; fileRef = DE58AFFE2A093DE500173718 /* PokedexUITestsLaunchTests.swift */; };
		DE58B0102A0944D900173718 /* ApiClient.swift in Sources */ = {isa = PBXBuildFile; fileRef = DE58B00F2A0944D900173718 /* ApiClient.swift */; };
		DE58B0122A0944E600173718 /* URLSessionApiClient.swift in Sources */ = {isa = PBXBuildFile; fileRef = DE58B0112A0944E600173718 /* URLSessionApiClient.swift */; };
		DE58B0142A0944FB00173718 /* Endpoint.swift in Sources */ = {isa = PBXBuildFile; fileRef = DE58B0132A0944FB00173718 /* Endpoint.swift */; };
		DE58B0162A09450800173718 /* EndpointConfiguration.swift in Sources */ = {isa = PBXBuildFile; fileRef = DE58B0152A09450800173718 /* EndpointConfiguration.swift */; };
		DE58B0182A09451300173718 /* BaseEndopoint.swift in Sources */ = {isa = PBXBuildFile; fileRef = DE58B0172A09451300173718 /* BaseEndopoint.swift */; };
		DE58B01A2A09451F00173718 /* ApiConfiguration.swift in Sources */ = {isa = PBXBuildFile; fileRef = DE58B0192A09451F00173718 /* ApiConfiguration.swift */; };
		DE58B01C2A09453C00173718 /* URLEncodable.swift in Sources */ = {isa = PBXBuildFile; fileRef = DE58B01B2A09453C00173718 /* URLEncodable.swift */; };
		DE58B01E2A09454D00173718 /* EncoderFactory.swift in Sources */ = {isa = PBXBuildFile; fileRef = DE58B01D2A09454D00173718 /* EncoderFactory.swift */; };
		DE58B0202A09455A00173718 /* DecoderFactory.swift in Sources */ = {isa = PBXBuildFile; fileRef = DE58B01F2A09455A00173718 /* DecoderFactory.swift */; };
/* End PBXBuildFile section */

/* Begin PBXContainerItemProxy section */
		DE58AFEF2A093DE500173718 /* PBXContainerItemProxy */ = {
			isa = PBXContainerItemProxy;
			containerPortal = DE58AFD52A093DE400173718 /* Project object */;
			proxyType = 1;
			remoteGlobalIDString = DE58AFDC2A093DE400173718;
			remoteInfo = Pokedex;
		};
		DE58AFF92A093DE500173718 /* PBXContainerItemProxy */ = {
			isa = PBXContainerItemProxy;
			containerPortal = DE58AFD52A093DE400173718 /* Project object */;
			proxyType = 1;
			remoteGlobalIDString = DE58AFDC2A093DE400173718;
			remoteInfo = Pokedex;
		};
/* End PBXContainerItemProxy section */

/* Begin PBXFileReference section */
		DE58AFDD2A093DE400173718 /* Pokedex.app */ = {isa = PBXFileReference; explicitFileType = wrapper.application; includeInIndex = 0; path = Pokedex.app; sourceTree = BUILT_PRODUCTS_DIR; };
		DE58AFE02A093DE400173718 /* PokedexApp.swift */ = {isa = PBXFileReference; lastKnownFileType = sourcecode.swift; path = PokedexApp.swift; sourceTree = "<group>"; };
		DE58AFE22A093DE400173718 /* ContentView.swift */ = {isa = PBXFileReference; lastKnownFileType = sourcecode.swift; path = ContentView.swift; sourceTree = "<group>"; };
		DE58AFE42A093DE500173718 /* Assets.xcassets */ = {isa = PBXFileReference; lastKnownFileType = folder.assetcatalog; path = Assets.xcassets; sourceTree = "<group>"; };
		DE58AFE62A093DE500173718 /* Pokedex.entitlements */ = {isa = PBXFileReference; lastKnownFileType = text.plist.entitlements; path = Pokedex.entitlements; sourceTree = "<group>"; };
		DE58AFE82A093DE500173718 /* Preview Assets.xcassets */ = {isa = PBXFileReference; lastKnownFileType = folder.assetcatalog; path = "Preview Assets.xcassets"; sourceTree = "<group>"; };
		DE58AFEE2A093DE500173718 /* PokedexTests.xctest */ = {isa = PBXFileReference; explicitFileType = wrapper.cfbundle; includeInIndex = 0; path = PokedexTests.xctest; sourceTree = BUILT_PRODUCTS_DIR; };
		DE58AFF22A093DE500173718 /* PokedexTests.swift */ = {isa = PBXFileReference; lastKnownFileType = sourcecode.swift; path = PokedexTests.swift; sourceTree = "<group>"; };
		DE58AFF82A093DE500173718 /* PokedexUITests.xctest */ = {isa = PBXFileReference; explicitFileType = wrapper.cfbundle; includeInIndex = 0; path = PokedexUITests.xctest; sourceTree = BUILT_PRODUCTS_DIR; };
		DE58AFFC2A093DE500173718 /* PokedexUITests.swift */ = {isa = PBXFileReference; lastKnownFileType = sourcecode.swift; path = PokedexUITests.swift; sourceTree = "<group>"; };
		DE58AFFE2A093DE500173718 /* PokedexUITestsLaunchTests.swift */ = {isa = PBXFileReference; lastKnownFileType = sourcecode.swift; path = PokedexUITestsLaunchTests.swift; sourceTree = "<group>"; };
		DE58B00F2A0944D900173718 /* ApiClient.swift */ = {isa = PBXFileReference; lastKnownFileType = sourcecode.swift; path = ApiClient.swift; sourceTree = "<group>"; };
		DE58B0112A0944E600173718 /* URLSessionApiClient.swift */ = {isa = PBXFileReference; lastKnownFileType = sourcecode.swift; path = URLSessionApiClient.swift; sourceTree = "<group>"; };
		DE58B0132A0944FB00173718 /* Endpoint.swift */ = {isa = PBXFileReference; lastKnownFileType = sourcecode.swift; path = Endpoint.swift; sourceTree = "<group>"; };
		DE58B0152A09450800173718 /* EndpointConfiguration.swift */ = {isa = PBXFileReference; lastKnownFileType = sourcecode.swift; path = EndpointConfiguration.swift; sourceTree = "<group>"; };
		DE58B0172A09451300173718 /* BaseEndopoint.swift */ = {isa = PBXFileReference; lastKnownFileType = sourcecode.swift; path = BaseEndopoint.swift; sourceTree = "<group>"; };
		DE58B0192A09451F00173718 /* ApiConfiguration.swift */ = {isa = PBXFileReference; lastKnownFileType = sourcecode.swift; path = ApiConfiguration.swift; sourceTree = "<group>"; };
		DE58B01B2A09453C00173718 /* URLEncodable.swift */ = {isa = PBXFileReference; lastKnownFileType = sourcecode.swift; path = URLEncodable.swift; sourceTree = "<group>"; };
		DE58B01D2A09454D00173718 /* EncoderFactory.swift */ = {isa = PBXFileReference; lastKnownFileType = sourcecode.swift; path = EncoderFactory.swift; sourceTree = "<group>"; };
		DE58B01F2A09455A00173718 /* DecoderFactory.swift */ = {isa = PBXFileReference; lastKnownFileType = sourcecode.swift; path = DecoderFactory.swift; sourceTree = "<group>"; };
/* End PBXFileReference section */

/* Begin PBXFrameworksBuildPhase section */
		DE58AFDA2A093DE400173718 /* Frameworks */ = {
			isa = PBXFrameworksBuildPhase;
			buildActionMask = 2147483647;
			files = (
			);
			runOnlyForDeploymentPostprocessing = 0;
		};
		DE58AFEB2A093DE500173718 /* Frameworks */ = {
			isa = PBXFrameworksBuildPhase;
			buildActionMask = 2147483647;
			files = (
			);
			runOnlyForDeploymentPostprocessing = 0;
		};
		DE58AFF52A093DE500173718 /* Frameworks */ = {
			isa = PBXFrameworksBuildPhase;
			buildActionMask = 2147483647;
			files = (
			);
			runOnlyForDeploymentPostprocessing = 0;
		};
/* End PBXFrameworksBuildPhase section */

/* Begin PBXGroup section */
		DE58AFD42A093DE400173718 = {
			isa = PBXGroup;
			children = (
				DE58AFDF2A093DE400173718 /* Pokedex */,
				DE58AFF12A093DE500173718 /* PokedexTests */,
				DE58AFFB2A093DE500173718 /* PokedexUITests */,
				DE58AFDE2A093DE400173718 /* Products */,
			);
			sourceTree = "<group>";
		};
		DE58AFDE2A093DE400173718 /* Products */ = {
			isa = PBXGroup;
			children = (
				DE58AFDD2A093DE400173718 /* Pokedex.app */,
				DE58AFEE2A093DE500173718 /* PokedexTests.xctest */,
				DE58AFF82A093DE500173718 /* PokedexUITests.xctest */,
			);
			name = Products;
			sourceTree = "<group>";
		};
		DE58AFDF2A093DE400173718 /* Pokedex */ = {
			isa = PBXGroup;
			children = (
				DE58B00B2A0941FB00173718 /* Sources */,
				DE58B00C2A09420400173718 /* Resources */,
				DE58AFE02A093DE400173718 /* PokedexApp.swift */,
				DE58AFE72A093DE500173718 /* Preview Content */,
			);
			path = Pokedex;
			sourceTree = "<group>";
		};
		DE58AFE72A093DE500173718 /* Preview Content */ = {
			isa = PBXGroup;
			children = (
				DE58AFE82A093DE500173718 /* Preview Assets.xcassets */,
			);
			path = "Preview Content";
			sourceTree = "<group>";
		};
		DE58AFF12A093DE500173718 /* PokedexTests */ = {
			isa = PBXGroup;
			children = (
				DE58AFF22A093DE500173718 /* PokedexTests.swift */,
			);
			path = PokedexTests;
			sourceTree = "<group>";
		};
		DE58AFFB2A093DE500173718 /* PokedexUITests */ = {
			isa = PBXGroup;
			children = (
				DE58AFFC2A093DE500173718 /* PokedexUITests.swift */,
				DE58AFFE2A093DE500173718 /* PokedexUITestsLaunchTests.swift */,
			);
			path = PokedexUITests;
			sourceTree = "<group>";
		};
		DE58B00B2A0941FB00173718 /* Sources */ = {
			isa = PBXGroup;
			children = (
				DE58B00D2A0944A400173718 /* Network */,
				DE58AFE22A093DE400173718 /* ContentView.swift */,
			);
			path = Sources;
			sourceTree = "<group>";
		};
		DE58B00C2A09420400173718 /* Resources */ = {
			isa = PBXGroup;
			children = (
				DE58AFE42A093DE500173718 /* Assets.xcassets */,
				DE58AFE62A093DE500173718 /* Pokedex.entitlements */,
			);
			path = Resources;
			sourceTree = "<group>";
		};
		DE58B00D2A0944A400173718 /* Network */ = {
			isa = PBXGroup;
			children = (
				DE58B00E2A0944AF00173718 /* Common */,
			);
			path = Network;
			sourceTree = "<group>";
		};
		DE58B00E2A0944AF00173718 /* Common */ = {
			isa = PBXGroup;
			children = (
				DE58B00F2A0944D900173718 /* ApiClient.swift */,
				DE58B0112A0944E600173718 /* URLSessionApiClient.swift */,
				DE58B0132A0944FB00173718 /* Endpoint.swift */,
				DE58B0152A09450800173718 /* EndpointConfiguration.swift */,
				DE58B0172A09451300173718 /* BaseEndopoint.swift */,
				DE58B0192A09451F00173718 /* ApiConfiguration.swift */,
				DE58B01B2A09453C00173718 /* URLEncodable.swift */,
				DE58B01D2A09454D00173718 /* EncoderFactory.swift */,
				DE58B01F2A09455A00173718 /* DecoderFactory.swift */,
			);
			path = Common;
			sourceTree = "<group>";
		};
/* End PBXGroup section */

/* Begin PBXNativeTarget section */
		DE58AFDC2A093DE400173718 /* Pokedex */ = {
			isa = PBXNativeTarget;
			buildConfigurationList = DE58B0022A093DE500173718 /* Build configuration list for PBXNativeTarget "Pokedex" */;
			buildPhases = (
				DE58AFD92A093DE400173718 /* Sources */,
				DE58AFDA2A093DE400173718 /* Frameworks */,
				DE58AFDB2A093DE400173718 /* Resources */,
			);
			buildRules = (
			);
			dependencies = (
			);
			name = Pokedex;
			productName = Pokedex;
			productReference = DE58AFDD2A093DE400173718 /* Pokedex.app */;
			productType = "com.apple.product-type.application";
		};
		DE58AFED2A093DE500173718 /* PokedexTests */ = {
			isa = PBXNativeTarget;
			buildConfigurationList = DE58B0052A093DE500173718 /* Build configuration list for PBXNativeTarget "PokedexTests" */;
			buildPhases = (
				DE58AFEA2A093DE500173718 /* Sources */,
				DE58AFEB2A093DE500173718 /* Frameworks */,
				DE58AFEC2A093DE500173718 /* Resources */,
			);
			buildRules = (
			);
			dependencies = (
				DE58AFF02A093DE500173718 /* PBXTargetDependency */,
			);
			name = PokedexTests;
			productName = PokedexTests;
			productReference = DE58AFEE2A093DE500173718 /* PokedexTests.xctest */;
			productType = "com.apple.product-type.bundle.unit-test";
		};
		DE58AFF72A093DE500173718 /* PokedexUITests */ = {
			isa = PBXNativeTarget;
			buildConfigurationList = DE58B0082A093DE500173718 /* Build configuration list for PBXNativeTarget "PokedexUITests" */;
			buildPhases = (
				DE58AFF42A093DE500173718 /* Sources */,
				DE58AFF52A093DE500173718 /* Frameworks */,
				DE58AFF62A093DE500173718 /* Resources */,
			);
			buildRules = (
			);
			dependencies = (
				DE58AFFA2A093DE500173718 /* PBXTargetDependency */,
			);
			name = PokedexUITests;
			productName = PokedexUITests;
			productReference = DE58AFF82A093DE500173718 /* PokedexUITests.xctest */;
			productType = "com.apple.product-type.bundle.ui-testing";
		};
/* End PBXNativeTarget section */

/* Begin PBXProject section */
		DE58AFD52A093DE400173718 /* Project object */ = {
			isa = PBXProject;
			attributes = {
				BuildIndependentTargetsInParallel = 1;
				LastSwiftUpdateCheck = 1420;
				LastUpgradeCheck = 1420;
				TargetAttributes = {
					DE58AFDC2A093DE400173718 = {
						CreatedOnToolsVersion = 14.2;
					};
					DE58AFED2A093DE500173718 = {
						CreatedOnToolsVersion = 14.2;
						TestTargetID = DE58AFDC2A093DE400173718;
					};
					DE58AFF72A093DE500173718 = {
						CreatedOnToolsVersion = 14.2;
						TestTargetID = DE58AFDC2A093DE400173718;
					};
				};
			};
			buildConfigurationList = DE58AFD82A093DE400173718 /* Build configuration list for PBXProject "Pokedex" */;
			compatibilityVersion = "Xcode 14.0";
			developmentRegion = en;
			hasScannedForEncodings = 0;
			knownRegions = (
				en,
				Base,
			);
			mainGroup = DE58AFD42A093DE400173718;
			productRefGroup = DE58AFDE2A093DE400173718 /* Products */;
			projectDirPath = "";
			projectRoot = "";
			targets = (
				DE58AFDC2A093DE400173718 /* Pokedex */,
				DE58AFED2A093DE500173718 /* PokedexTests */,
				DE58AFF72A093DE500173718 /* PokedexUITests */,
			);
		};
/* End PBXProject section */

/* Begin PBXResourcesBuildPhase section */
		DE58AFDB2A093DE400173718 /* Resources */ = {
			isa = PBXResourcesBuildPhase;
			buildActionMask = 2147483647;
			files = (
				DE58AFE92A093DE500173718 /* Preview Assets.xcassets in Resources */,
				DE58AFE52A093DE500173718 /* Assets.xcassets in Resources */,
			);
			runOnlyForDeploymentPostprocessing = 0;
		};
		DE58AFEC2A093DE500173718 /* Resources */ = {
			isa = PBXResourcesBuildPhase;
			buildActionMask = 2147483647;
			files = (
			);
			runOnlyForDeploymentPostprocessing = 0;
		};
		DE58AFF62A093DE500173718 /* Resources */ = {
			isa = PBXResourcesBuildPhase;
			buildActionMask = 2147483647;
			files = (
			);
			runOnlyForDeploymentPostprocessing = 0;
		};
/* End PBXResourcesBuildPhase section */

/* Begin PBXSourcesBuildPhase section */
		DE58AFD92A093DE400173718 /* Sources */ = {
			isa = PBXSourcesBuildPhase;
			buildActionMask = 2147483647;
			files = (
				DE58B0182A09451300173718 /* BaseEndopoint.swift in Sources */,
				DE58B01E2A09454D00173718 /* EncoderFactory.swift in Sources */,
				DE58B0122A0944E600173718 /* URLSessionApiClient.swift in Sources */,
				DE58B0162A09450800173718 /* EndpointConfiguration.swift in Sources */,
				DE58B01A2A09451F00173718 /* ApiConfiguration.swift in Sources */,
				DE58AFE32A093DE400173718 /* ContentView.swift in Sources */,
				DE58AFE12A093DE400173718 /* PokedexApp.swift in Sources */,
				DE58B0202A09455A00173718 /* DecoderFactory.swift in Sources */,
				DE58B01C2A09453C00173718 /* URLEncodable.swift in Sources */,
				DE58B0102A0944D900173718 /* ApiClient.swift in Sources */,
				DE58B0142A0944FB00173718 /* Endpoint.swift in Sources */,
			);
			runOnlyForDeploymentPostprocessing = 0;
		};
		DE58AFEA2A093DE500173718 /* Sources */ = {
			isa = PBXSourcesBuildPhase;
			buildActionMask = 2147483647;
			files = (
				DE58AFF32A093DE500173718 /* PokedexTests.swift in Sources */,
			);
			runOnlyForDeploymentPostprocessing = 0;
		};
		DE58AFF42A093DE500173718 /* Sources */ = {
			isa = PBXSourcesBuildPhase;
			buildActionMask = 2147483647;
			files = (
				DE58AFFD2A093DE500173718 /* PokedexUITests.swift in Sources */,
				DE58AFFF2A093DE500173718 /* PokedexUITestsLaunchTests.swift in Sources */,
			);
			runOnlyForDeploymentPostprocessing = 0;
		};
/* End PBXSourcesBuildPhase section */

/* Begin PBXTargetDependency section */
		DE58AFF02A093DE500173718 /* PBXTargetDependency */ = {
			isa = PBXTargetDependency;
			target = DE58AFDC2A093DE400173718 /* Pokedex */;
			targetProxy = DE58AFEF2A093DE500173718 /* PBXContainerItemProxy */;
		};
		DE58AFFA2A093DE500173718 /* PBXTargetDependency */ = {
			isa = PBXTargetDependency;
			target = DE58AFDC2A093DE400173718 /* Pokedex */;
			targetProxy = DE58AFF92A093DE500173718 /* PBXContainerItemProxy */;
		};
/* End PBXTargetDependency section */

/* Begin XCBuildConfiguration section */
		DE58B0002A093DE500173718 /* Debug */ = {
			isa = XCBuildConfiguration;
			buildSettings = {
				ALWAYS_SEARCH_USER_PATHS = NO;
				CLANG_ANALYZER_NONNULL = YES;
				CLANG_ANALYZER_NUMBER_OBJECT_CONVERSION = YES_AGGRESSIVE;
				CLANG_CXX_LANGUAGE_STANDARD = "gnu++20";
				CLANG_ENABLE_MODULES = YES;
				CLANG_ENABLE_OBJC_ARC = YES;
				CLANG_ENABLE_OBJC_WEAK = YES;
				CLANG_WARN_BLOCK_CAPTURE_AUTORELEASING = YES;
				CLANG_WARN_BOOL_CONVERSION = YES;
				CLANG_WARN_COMMA = YES;
				CLANG_WARN_CONSTANT_CONVERSION = YES;
				CLANG_WARN_DEPRECATED_OBJC_IMPLEMENTATIONS = YES;
				CLANG_WARN_DIRECT_OBJC_ISA_USAGE = YES_ERROR;
				CLANG_WARN_DOCUMENTATION_COMMENTS = YES;
				CLANG_WARN_EMPTY_BODY = YES;
				CLANG_WARN_ENUM_CONVERSION = YES;
				CLANG_WARN_INFINITE_RECURSION = YES;
				CLANG_WARN_INT_CONVERSION = YES;
				CLANG_WARN_NON_LITERAL_NULL_CONVERSION = YES;
				CLANG_WARN_OBJC_IMPLICIT_RETAIN_SELF = YES;
				CLANG_WARN_OBJC_LITERAL_CONVERSION = YES;
				CLANG_WARN_OBJC_ROOT_CLASS = YES_ERROR;
				CLANG_WARN_QUOTED_INCLUDE_IN_FRAMEWORK_HEADER = YES;
				CLANG_WARN_RANGE_LOOP_ANALYSIS = YES;
				CLANG_WARN_STRICT_PROTOTYPES = YES;
				CLANG_WARN_SUSPICIOUS_MOVE = YES;
				CLANG_WARN_UNGUARDED_AVAILABILITY = YES_AGGRESSIVE;
				CLANG_WARN_UNREACHABLE_CODE = YES;
				CLANG_WARN__DUPLICATE_METHOD_MATCH = YES;
				COPY_PHASE_STRIP = NO;
				DEBUG_INFORMATION_FORMAT = dwarf;
				ENABLE_STRICT_OBJC_MSGSEND = YES;
				ENABLE_TESTABILITY = YES;
				GCC_C_LANGUAGE_STANDARD = gnu11;
				GCC_DYNAMIC_NO_PIC = NO;
				GCC_NO_COMMON_BLOCKS = YES;
				GCC_OPTIMIZATION_LEVEL = 0;
				GCC_PREPROCESSOR_DEFINITIONS = (
					"DEBUG=1",
					"$(inherited)",
				);
				GCC_WARN_64_TO_32_BIT_CONVERSION = YES;
				GCC_WARN_ABOUT_RETURN_TYPE = YES_ERROR;
				GCC_WARN_UNDECLARED_SELECTOR = YES;
				GCC_WARN_UNINITIALIZED_AUTOS = YES_AGGRESSIVE;
				GCC_WARN_UNUSED_FUNCTION = YES;
				GCC_WARN_UNUSED_VARIABLE = YES;
				MTL_ENABLE_DEBUG_INFO = INCLUDE_SOURCE;
				MTL_FAST_MATH = YES;
				ONLY_ACTIVE_ARCH = YES;
				SWIFT_ACTIVE_COMPILATION_CONDITIONS = DEBUG;
				SWIFT_OPTIMIZATION_LEVEL = "-Onone";
			};
			name = Debug;
		};
		DE58B0012A093DE500173718 /* Release */ = {
			isa = XCBuildConfiguration;
			buildSettings = {
				ALWAYS_SEARCH_USER_PATHS = NO;
				CLANG_ANALYZER_NONNULL = YES;
				CLANG_ANALYZER_NUMBER_OBJECT_CONVERSION = YES_AGGRESSIVE;
				CLANG_CXX_LANGUAGE_STANDARD = "gnu++20";
				CLANG_ENABLE_MODULES = YES;
				CLANG_ENABLE_OBJC_ARC = YES;
				CLANG_ENABLE_OBJC_WEAK = YES;
				CLANG_WARN_BLOCK_CAPTURE_AUTORELEASING = YES;
				CLANG_WARN_BOOL_CONVERSION = YES;
				CLANG_WARN_COMMA = YES;
				CLANG_WARN_CONSTANT_CONVERSION = YES;
				CLANG_WARN_DEPRECATED_OBJC_IMPLEMENTATIONS = YES;
				CLANG_WARN_DIRECT_OBJC_ISA_USAGE = YES_ERROR;
				CLANG_WARN_DOCUMENTATION_COMMENTS = YES;
				CLANG_WARN_EMPTY_BODY = YES;
				CLANG_WARN_ENUM_CONVERSION = YES;
				CLANG_WARN_INFINITE_RECURSION = YES;
				CLANG_WARN_INT_CONVERSION = YES;
				CLANG_WARN_NON_LITERAL_NULL_CONVERSION = YES;
				CLANG_WARN_OBJC_IMPLICIT_RETAIN_SELF = YES;
				CLANG_WARN_OBJC_LITERAL_CONVERSION = YES;
				CLANG_WARN_OBJC_ROOT_CLASS = YES_ERROR;
				CLANG_WARN_QUOTED_INCLUDE_IN_FRAMEWORK_HEADER = YES;
				CLANG_WARN_RANGE_LOOP_ANALYSIS = YES;
				CLANG_WARN_STRICT_PROTOTYPES = YES;
				CLANG_WARN_SUSPICIOUS_MOVE = YES;
				CLANG_WARN_UNGUARDED_AVAILABILITY = YES_AGGRESSIVE;
				CLANG_WARN_UNREACHABLE_CODE = YES;
				CLANG_WARN__DUPLICATE_METHOD_MATCH = YES;
				COPY_PHASE_STRIP = NO;
				DEBUG_INFORMATION_FORMAT = "dwarf-with-dsym";
				ENABLE_NS_ASSERTIONS = NO;
				ENABLE_STRICT_OBJC_MSGSEND = YES;
				GCC_C_LANGUAGE_STANDARD = gnu11;
				GCC_NO_COMMON_BLOCKS = YES;
				GCC_WARN_64_TO_32_BIT_CONVERSION = YES;
				GCC_WARN_ABOUT_RETURN_TYPE = YES_ERROR;
				GCC_WARN_UNDECLARED_SELECTOR = YES;
				GCC_WARN_UNINITIALIZED_AUTOS = YES_AGGRESSIVE;
				GCC_WARN_UNUSED_FUNCTION = YES;
				GCC_WARN_UNUSED_VARIABLE = YES;
				MTL_ENABLE_DEBUG_INFO = NO;
				MTL_FAST_MATH = YES;
				SWIFT_COMPILATION_MODE = wholemodule;
				SWIFT_OPTIMIZATION_LEVEL = "-O";
			};
			name = Release;
		};
		DE58B0032A093DE500173718 /* Debug */ = {
			isa = XCBuildConfiguration;
			buildSettings = {
				ASSETCATALOG_COMPILER_APPICON_NAME = AppIcon;
				ASSETCATALOG_COMPILER_GLOBAL_ACCENT_COLOR_NAME = AccentColor;
				CODE_SIGN_ENTITLEMENTS = Pokedex/Resources/Pokedex.entitlements;
				CODE_SIGN_STYLE = Automatic;
				CURRENT_PROJECT_VERSION = 1;
				DEVELOPMENT_ASSET_PATHS = "\"Pokedex/Preview Content\"";
				DEVELOPMENT_TEAM = TMZADGJG8J;
				ENABLE_HARDENED_RUNTIME = YES;
				ENABLE_PREVIEWS = YES;
				GENERATE_INFOPLIST_FILE = YES;
				"INFOPLIST_KEY_UIApplicationSceneManifest_Generation[sdk=iphoneos*]" = YES;
				"INFOPLIST_KEY_UIApplicationSceneManifest_Generation[sdk=iphonesimulator*]" = YES;
				"INFOPLIST_KEY_UIApplicationSupportsIndirectInputEvents[sdk=iphoneos*]" = YES;
				"INFOPLIST_KEY_UIApplicationSupportsIndirectInputEvents[sdk=iphonesimulator*]" = YES;
				"INFOPLIST_KEY_UILaunchScreen_Generation[sdk=iphoneos*]" = YES;
				"INFOPLIST_KEY_UILaunchScreen_Generation[sdk=iphonesimulator*]" = YES;
				"INFOPLIST_KEY_UIStatusBarStyle[sdk=iphoneos*]" = UIStatusBarStyleDefault;
				"INFOPLIST_KEY_UIStatusBarStyle[sdk=iphonesimulator*]" = UIStatusBarStyleDefault;
				INFOPLIST_KEY_UISupportedInterfaceOrientations_iPad = "UIInterfaceOrientationPortrait UIInterfaceOrientationPortraitUpsideDown UIInterfaceOrientationLandscapeLeft UIInterfaceOrientationLandscapeRight";
				INFOPLIST_KEY_UISupportedInterfaceOrientations_iPhone = "UIInterfaceOrientationPortrait UIInterfaceOrientationLandscapeLeft UIInterfaceOrientationLandscapeRight";
				IPHONEOS_DEPLOYMENT_TARGET = 16.2;
				LD_RUNPATH_SEARCH_PATHS = "@executable_path/Frameworks";
				"LD_RUNPATH_SEARCH_PATHS[sdk=macosx*]" = "@executable_path/../Frameworks";
				MACOSX_DEPLOYMENT_TARGET = 12.6;
				MARKETING_VERSION = 1.0;
				PRODUCT_BUNDLE_IDENTIFIER = com.aahibalau.Pokedex;
				PRODUCT_NAME = "$(TARGET_NAME)";
				SDKROOT = auto;
				SUPPORTED_PLATFORMS = "iphoneos iphonesimulator macosx";
				SWIFT_EMIT_LOC_STRINGS = YES;
				SWIFT_VERSION = 5.0;
				TARGETED_DEVICE_FAMILY = "1,2";
			};
			name = Debug;
		};
		DE58B0042A093DE500173718 /* Release */ = {
			isa = XCBuildConfiguration;
			buildSettings = {
				ASSETCATALOG_COMPILER_APPICON_NAME = AppIcon;
				ASSETCATALOG_COMPILER_GLOBAL_ACCENT_COLOR_NAME = AccentColor;
				CODE_SIGN_ENTITLEMENTS = Pokedex/Resources/Pokedex.entitlements;
				CODE_SIGN_STYLE = Automatic;
				CURRENT_PROJECT_VERSION = 1;
				DEVELOPMENT_ASSET_PATHS = "\"Pokedex/Preview Content\"";
				DEVELOPMENT_TEAM = TMZADGJG8J;
				ENABLE_HARDENED_RUNTIME = YES;
				ENABLE_PREVIEWS = YES;
				GENERATE_INFOPLIST_FILE = YES;
				"INFOPLIST_KEY_UIApplicationSceneManifest_Generation[sdk=iphoneos*]" = YES;
				"INFOPLIST_KEY_UIApplicationSceneManifest_Generation[sdk=iphonesimulator*]" = YES;
				"INFOPLIST_KEY_UIApplicationSupportsIndirectInputEvents[sdk=iphoneos*]" = YES;
				"INFOPLIST_KEY_UIApplicationSupportsIndirectInputEvents[sdk=iphonesimulator*]" = YES;
				"INFOPLIST_KEY_UILaunchScreen_Generation[sdk=iphoneos*]" = YES;
				"INFOPLIST_KEY_UILaunchScreen_Generation[sdk=iphonesimulator*]" = YES;
				"INFOPLIST_KEY_UIStatusBarStyle[sdk=iphoneos*]" = UIStatusBarStyleDefault;
				"INFOPLIST_KEY_UIStatusBarStyle[sdk=iphonesimulator*]" = UIStatusBarStyleDefault;
				INFOPLIST_KEY_UISupportedInterfaceOrientations_iPad = "UIInterfaceOrientationPortrait UIInterfaceOrientationPortraitUpsideDown UIInterfaceOrientationLandscapeLeft UIInterfaceOrientationLandscapeRight";
				INFOPLIST_KEY_UISupportedInterfaceOrientations_iPhone = "UIInterfaceOrientationPortrait UIInterfaceOrientationLandscapeLeft UIInterfaceOrientationLandscapeRight";
				IPHONEOS_DEPLOYMENT_TARGET = 16.2;
				LD_RUNPATH_SEARCH_PATHS = "@executable_path/Frameworks";
				"LD_RUNPATH_SEARCH_PATHS[sdk=macosx*]" = "@executable_path/../Frameworks";
				MACOSX_DEPLOYMENT_TARGET = 12.6;
				MARKETING_VERSION = 1.0;
				PRODUCT_BUNDLE_IDENTIFIER = com.aahibalau.Pokedex;
				PRODUCT_NAME = "$(TARGET_NAME)";
				SDKROOT = auto;
				SUPPORTED_PLATFORMS = "iphoneos iphonesimulator macosx";
				SWIFT_EMIT_LOC_STRINGS = YES;
				SWIFT_VERSION = 5.0;
				TARGETED_DEVICE_FAMILY = "1,2";
			};
			name = Release;
		};
		DE58B0062A093DE500173718 /* Debug */ = {
			isa = XCBuildConfiguration;
			buildSettings = {
				ALWAYS_EMBED_SWIFT_STANDARD_LIBRARIES = YES;
				BUNDLE_LOADER = "$(TEST_HOST)";
				CODE_SIGN_STYLE = Automatic;
				CURRENT_PROJECT_VERSION = 1;
				DEVELOPMENT_TEAM = TMZADGJG8J;
				GENERATE_INFOPLIST_FILE = YES;
				IPHONEOS_DEPLOYMENT_TARGET = 16.2;
				MACOSX_DEPLOYMENT_TARGET = 12.6;
				MARKETING_VERSION = 1.0;
				PRODUCT_BUNDLE_IDENTIFIER = com.aahibalau.PokedexTests;
				PRODUCT_NAME = "$(TARGET_NAME)";
				SDKROOT = auto;
				SUPPORTED_PLATFORMS = "iphoneos iphonesimulator macosx";
				SWIFT_EMIT_LOC_STRINGS = NO;
				SWIFT_VERSION = 5.0;
				TARGETED_DEVICE_FAMILY = "1,2";
				TEST_HOST = "$(BUILT_PRODUCTS_DIR)/Pokedex.app/$(BUNDLE_EXECUTABLE_FOLDER_PATH)/Pokedex";
			};
			name = Debug;
		};
		DE58B0072A093DE500173718 /* Release */ = {
			isa = XCBuildConfiguration;
			buildSettings = {
				ALWAYS_EMBED_SWIFT_STANDARD_LIBRARIES = YES;
				BUNDLE_LOADER = "$(TEST_HOST)";
				CODE_SIGN_STYLE = Automatic;
				CURRENT_PROJECT_VERSION = 1;
				DEVELOPMENT_TEAM = TMZADGJG8J;
				GENERATE_INFOPLIST_FILE = YES;
				IPHONEOS_DEPLOYMENT_TARGET = 16.2;
				MACOSX_DEPLOYMENT_TARGET = 12.6;
				MARKETING_VERSION = 1.0;
				PRODUCT_BUNDLE_IDENTIFIER = com.aahibalau.PokedexTests;
				PRODUCT_NAME = "$(TARGET_NAME)";
				SDKROOT = auto;
				SUPPORTED_PLATFORMS = "iphoneos iphonesimulator macosx";
				SWIFT_EMIT_LOC_STRINGS = NO;
				SWIFT_VERSION = 5.0;
				TARGETED_DEVICE_FAMILY = "1,2";
				TEST_HOST = "$(BUILT_PRODUCTS_DIR)/Pokedex.app/$(BUNDLE_EXECUTABLE_FOLDER_PATH)/Pokedex";
			};
			name = Release;
		};
		DE58B0092A093DE500173718 /* Debug */ = {
			isa = XCBuildConfiguration;
			buildSettings = {
				ALWAYS_EMBED_SWIFT_STANDARD_LIBRARIES = YES;
				CODE_SIGN_STYLE = Automatic;
				CURRENT_PROJECT_VERSION = 1;
				DEVELOPMENT_TEAM = TMZADGJG8J;
				GENERATE_INFOPLIST_FILE = YES;
				IPHONEOS_DEPLOYMENT_TARGET = 16.2;
				MACOSX_DEPLOYMENT_TARGET = 12.6;
				MARKETING_VERSION = 1.0;
				PRODUCT_BUNDLE_IDENTIFIER = com.aahibalau.PokedexUITests;
				PRODUCT_NAME = "$(TARGET_NAME)";
				SDKROOT = auto;
				SUPPORTED_PLATFORMS = "iphoneos iphonesimulator macosx";
				SWIFT_EMIT_LOC_STRINGS = NO;
				SWIFT_VERSION = 5.0;
				TARGETED_DEVICE_FAMILY = "1,2";
				TEST_TARGET_NAME = Pokedex;
			};
			name = Debug;
		};
		DE58B00A2A093DE500173718 /* Release */ = {
			isa = XCBuildConfiguration;
			buildSettings = {
				ALWAYS_EMBED_SWIFT_STANDARD_LIBRARIES = YES;
				CODE_SIGN_STYLE = Automatic;
				CURRENT_PROJECT_VERSION = 1;
				DEVELOPMENT_TEAM = TMZADGJG8J;
				GENERATE_INFOPLIST_FILE = YES;
				IPHONEOS_DEPLOYMENT_TARGET = 16.2;
				MACOSX_DEPLOYMENT_TARGET = 12.6;
				MARKETING_VERSION = 1.0;
				PRODUCT_BUNDLE_IDENTIFIER = com.aahibalau.PokedexUITests;
				PRODUCT_NAME = "$(TARGET_NAME)";
				SDKROOT = auto;
				SUPPORTED_PLATFORMS = "iphoneos iphonesimulator macosx";
				SWIFT_EMIT_LOC_STRINGS = NO;
				SWIFT_VERSION = 5.0;
				TARGETED_DEVICE_FAMILY = "1,2";
				TEST_TARGET_NAME = Pokedex;
			};
			name = Release;
		};
/* End XCBuildConfiguration section */

/* Begin XCConfigurationList section */
		DE58AFD82A093DE400173718 /* Build configuration list for PBXProject "Pokedex" */ = {
			isa = XCConfigurationList;
			buildConfigurations = (
				DE58B0002A093DE500173718 /* Debug */,
				DE58B0012A093DE500173718 /* Release */,
			);
			defaultConfigurationIsVisible = 0;
			defaultConfigurationName = Release;
		};
		DE58B0022A093DE500173718 /* Build configuration list for PBXNativeTarget "Pokedex" */ = {
			isa = XCConfigurationList;
			buildConfigurations = (
				DE58B0032A093DE500173718 /* Debug */,
				DE58B0042A093DE500173718 /* Release */,
			);
			defaultConfigurationIsVisible = 0;
			defaultConfigurationName = Release;
		};
		DE58B0052A093DE500173718 /* Build configuration list for PBXNativeTarget "PokedexTests" */ = {
			isa = XCConfigurationList;
			buildConfigurations = (
				DE58B0062A093DE500173718 /* Debug */,
				DE58B0072A093DE500173718 /* Release */,
			);
			defaultConfigurationIsVisible = 0;
			defaultConfigurationName = Release;
		};
		DE58B0082A093DE500173718 /* Build configuration list for PBXNativeTarget "PokedexUITests" */ = {
			isa = XCConfigurationList;
			buildConfigurations = (
				DE58B0092A093DE500173718 /* Debug */,
				DE58B00A2A093DE500173718 /* Release */,
			);
			defaultConfigurationIsVisible = 0;
			defaultConfigurationName = Release;
		};
/* End XCConfigurationList section */
	};
	rootObject = DE58AFD52A093DE400173718 /* Project object */;
}
