// !$*UTF8*$!
{
	archiveVersion = 1;
	classes = {
	};
	objectVersion = 56;
	objects = {

/* Begin PBXBuildFile section */
		DE374CA02A0AE2A50019F74D /* OHHTTPStubsSwift in Frameworks */ = {isa = PBXBuildFile; productRef = DE374C9F2A0AE2A50019F74D /* OHHTTPStubsSwift */; };
		DE374CA22A0AE5760019F74D /* specieDetails.json in Resources */ = {isa = PBXBuildFile; fileRef = DE374CA12A0AE5760019F74D /* specieDetails.json */; };
		DE374CA42A0AE8460019F74D /* evolutionChain.json in Resources */ = {isa = PBXBuildFile; fileRef = DE374CA32A0AE8460019F74D /* evolutionChain.json */; };
		DE3BAC702A0A6DCC00AFA748 /* SpecieDetailsView.swift in Sources */ = {isa = PBXBuildFile; fileRef = DE3BAC6F2A0A6DCC00AFA748 /* SpecieDetailsView.swift */; };
		DE3BAC722A0A6DD800AFA748 /* SpecieDetailsViewModel.swift in Sources */ = {isa = PBXBuildFile; fileRef = DE3BAC712A0A6DD800AFA748 /* SpecieDetailsViewModel.swift */; };
		DE3BAC742A0A785E00AFA748 /* CardView.swift in Sources */ = {isa = PBXBuildFile; fileRef = DE3BAC732A0A785E00AFA748 /* CardView.swift */; };
		DE3BAC772A0A78FF00AFA748 /* SpecieImageView.swift in Sources */ = {isa = PBXBuildFile; fileRef = DE3BAC762A0A78FF00AFA748 /* SpecieImageView.swift */; };
		DE58AFE12A093DE400173718 /* PokedexApp.swift in Sources */ = {isa = PBXBuildFile; fileRef = DE58AFE02A093DE400173718 /* PokedexApp.swift */; };
		DE58AFE32A093DE400173718 /* SpeciesListView.swift in Sources */ = {isa = PBXBuildFile; fileRef = DE58AFE22A093DE400173718 /* SpeciesListView.swift */; };
		DE58AFE52A093DE500173718 /* Assets.xcassets in Resources */ = {isa = PBXBuildFile; fileRef = DE58AFE42A093DE500173718 /* Assets.xcassets */; };
		DE58AFE92A093DE500173718 /* Preview Assets.xcassets in Resources */ = {isa = PBXBuildFile; fileRef = DE58AFE82A093DE500173718 /* Preview Assets.xcassets */; };
		DE58AFF32A093DE500173718 /* BaseSpecieDetailsRepositoryTests.swift in Sources */ = {isa = PBXBuildFile; fileRef = DE58AFF22A093DE500173718 /* BaseSpecieDetailsRepositoryTests.swift */; };
		DE58B0102A0944D900173718 /* ApiClient.swift in Sources */ = {isa = PBXBuildFile; fileRef = DE58B00F2A0944D900173718 /* ApiClient.swift */; };
		DE58B0122A0944E600173718 /* URLSessionApiClient.swift in Sources */ = {isa = PBXBuildFile; fileRef = DE58B0112A0944E600173718 /* URLSessionApiClient.swift */; };
		DE58B0142A0944FB00173718 /* Endpoint.swift in Sources */ = {isa = PBXBuildFile; fileRef = DE58B0132A0944FB00173718 /* Endpoint.swift */; };
		DE58B0162A09450800173718 /* EndpointConfiguration.swift in Sources */ = {isa = PBXBuildFile; fileRef = DE58B0152A09450800173718 /* EndpointConfiguration.swift */; };
		DE58B0182A09451300173718 /* BaseEndopoint.swift in Sources */ = {isa = PBXBuildFile; fileRef = DE58B0172A09451300173718 /* BaseEndopoint.swift */; };
		DE58B01A2A09451F00173718 /* ApiConfiguration.swift in Sources */ = {isa = PBXBuildFile; fileRef = DE58B0192A09451F00173718 /* ApiConfiguration.swift */; };
		DE58B01C2A09453C00173718 /* URLEncodable.swift in Sources */ = {isa = PBXBuildFile; fileRef = DE58B01B2A09453C00173718 /* URLEncodable.swift */; };
		DE58B01E2A09454D00173718 /* EncoderFactory.swift in Sources */ = {isa = PBXBuildFile; fileRef = DE58B01D2A09454D00173718 /* EncoderFactory.swift */; };
		DE58B0202A09455A00173718 /* DecoderFactory.swift in Sources */ = {isa = PBXBuildFile; fileRef = DE58B01F2A09455A00173718 /* DecoderFactory.swift */; };
		DE58B0232A095B1300173718 /* PokeApiConfiguration.swift in Sources */ = {isa = PBXBuildFile; fileRef = DE58B0222A095B1300173718 /* PokeApiConfiguration.swift */; };
		DE58B0252A095BFB00173718 /* PokeApiEndpointFactory.swift in Sources */ = {isa = PBXBuildFile; fileRef = DE58B0242A095BFB00173718 /* PokeApiEndpointFactory.swift */; };
		DE58B0272A095DBA00173718 /* PokeApi.swift in Sources */ = {isa = PBXBuildFile; fileRef = DE58B0262A095DBA00173718 /* PokeApi.swift */; };
		DE58B02A2A095EA100173718 /* SpeciesPageRequest.swift in Sources */ = {isa = PBXBuildFile; fileRef = DE58B0292A095EA100173718 /* SpeciesPageRequest.swift */; };
		DE58B02D2A095EB800173718 /* PageResponse.swift in Sources */ = {isa = PBXBuildFile; fileRef = DE58B02C2A095EB800173718 /* PageResponse.swift */; };
		DE58B02F2A095EC700173718 /* SpeciesListItem.swift in Sources */ = {isa = PBXBuildFile; fileRef = DE58B02E2A095EC700173718 /* SpeciesListItem.swift */; };
		DE58B0322A09948F00173718 /* SpeciesRepository.swift in Sources */ = {isa = PBXBuildFile; fileRef = DE58B0312A09948F00173718 /* SpeciesRepository.swift */; };
		DE58B0352A09A60400173718 /* SpeciesListViewModel.swift in Sources */ = {isa = PBXBuildFile; fileRef = DE58B0342A09A60400173718 /* SpeciesListViewModel.swift */; };
		DE58B03A2A09C8D700173718 /* SpeciesPresentableListItem.swift in Sources */ = {isa = PBXBuildFile; fileRef = DE58B0392A09C8D700173718 /* SpeciesPresentableListItem.swift */; };
		DE58B0402A09D65A00173718 /* SpecieCell.swift in Sources */ = {isa = PBXBuildFile; fileRef = DE58B03F2A09D65A00173718 /* SpecieCell.swift */; };
		DED30FB22A0A85EB001EB806 /* SpecieDetailsRepository.swift in Sources */ = {isa = PBXBuildFile; fileRef = DED30FB12A0A85EB001EB806 /* SpecieDetailsRepository.swift */; };
		DED30FB42A0A9042001EB806 /* SpecieRequest.swift in Sources */ = {isa = PBXBuildFile; fileRef = DED30FB32A0A9042001EB806 /* SpecieRequest.swift */; };
		DED30FB62A0A91C1001EB806 /* EvolutionChainResponse.swift in Sources */ = {isa = PBXBuildFile; fileRef = DED30FB52A0A91C1001EB806 /* EvolutionChainResponse.swift */; };
		DED30FB82A0A91D7001EB806 /* SpecieResponse.swift in Sources */ = {isa = PBXBuildFile; fileRef = DED30FB72A0A91D7001EB806 /* SpecieResponse.swift */; };
		DED30FBA2A0A92E5001EB806 /* SpecieDetailsUseCase.swift in Sources */ = {isa = PBXBuildFile; fileRef = DED30FB92A0A92E5001EB806 /* SpecieDetailsUseCase.swift */; };
		DED30FBD2A0A9461001EB806 /* CommonConstants.swift in Sources */ = {isa = PBXBuildFile; fileRef = DED30FBC2A0A9461001EB806 /* CommonConstants.swift */; };
		DED30FBF2A0AB946001EB806 /* SpecieCardImageView.swift in Sources */ = {isa = PBXBuildFile; fileRef = DED30FBE2A0AB946001EB806 /* SpecieCardImageView.swift */; };
		DED30FC12A0AC7B2001EB806 /* View+Utils.swift in Sources */ = {isa = PBXBuildFile; fileRef = DED30FC02A0AC7B2001EB806 /* View+Utils.swift */; };
		DED30FC42A0AD02C001EB806 /* Swinject in Frameworks */ = {isa = PBXBuildFile; productRef = DED30FC32A0AD02C001EB806 /* Swinject */; };
		DED30FC72A0AD082001EB806 /* ServiceLocator.swift in Sources */ = {isa = PBXBuildFile; fileRef = DED30FC62A0AD082001EB806 /* ServiceLocator.swift */; };
		DED30FC92A0AD09F001EB806 /* AppServiceLocator.swift in Sources */ = {isa = PBXBuildFile; fileRef = DED30FC82A0AD09F001EB806 /* AppServiceLocator.swift */; };
/* End PBXBuildFile section */

/* Begin PBXContainerItemProxy section */
		DE58AFEF2A093DE500173718 /* PBXContainerItemProxy */ = {
			isa = PBXContainerItemProxy;
			containerPortal = DE58AFD52A093DE400173718 /* Project object */;
			proxyType = 1;
			remoteGlobalIDString = DE58AFDC2A093DE400173718;
			remoteInfo = Pokedex;
		};
/* End PBXContainerItemProxy section */

/* Begin PBXFileReference section */
		DE374CA12A0AE5760019F74D /* specieDetails.json */ = {isa = PBXFileReference; fileEncoding = 4; lastKnownFileType = text.json; path = specieDetails.json; sourceTree = "<group>"; };
		DE374CA32A0AE8460019F74D /* evolutionChain.json */ = {isa = PBXFileReference; fileEncoding = 4; lastKnownFileType = text.json; path = evolutionChain.json; sourceTree = "<group>"; };
		DE3BAC6F2A0A6DCC00AFA748 /* SpecieDetailsView.swift */ = {isa = PBXFileReference; lastKnownFileType = sourcecode.swift; path = SpecieDetailsView.swift; sourceTree = "<group>"; };
		DE3BAC712A0A6DD800AFA748 /* SpecieDetailsViewModel.swift */ = {isa = PBXFileReference; lastKnownFileType = sourcecode.swift; path = SpecieDetailsViewModel.swift; sourceTree = "<group>"; };
		DE3BAC732A0A785E00AFA748 /* CardView.swift */ = {isa = PBXFileReference; lastKnownFileType = sourcecode.swift; path = CardView.swift; sourceTree = "<group>"; };
		DE3BAC762A0A78FF00AFA748 /* SpecieImageView.swift */ = {isa = PBXFileReference; lastKnownFileType = sourcecode.swift; path = SpecieImageView.swift; sourceTree = "<group>"; };
		DE58AFDD2A093DE400173718 /* Pokedex.app */ = {isa = PBXFileReference; explicitFileType = wrapper.application; includeInIndex = 0; path = Pokedex.app; sourceTree = BUILT_PRODUCTS_DIR; };
		DE58AFE02A093DE400173718 /* PokedexApp.swift */ = {isa = PBXFileReference; lastKnownFileType = sourcecode.swift; path = PokedexApp.swift; sourceTree = "<group>"; };
		DE58AFE22A093DE400173718 /* SpeciesListView.swift */ = {isa = PBXFileReference; lastKnownFileType = sourcecode.swift; path = SpeciesListView.swift; sourceTree = "<group>"; };
		DE58AFE42A093DE500173718 /* Assets.xcassets */ = {isa = PBXFileReference; lastKnownFileType = folder.assetcatalog; path = Assets.xcassets; sourceTree = "<group>"; };
		DE58AFE62A093DE500173718 /* Pokedex.entitlements */ = {isa = PBXFileReference; lastKnownFileType = text.plist.entitlements; path = Pokedex.entitlements; sourceTree = "<group>"; };
		DE58AFE82A093DE500173718 /* Preview Assets.xcassets */ = {isa = PBXFileReference; lastKnownFileType = folder.assetcatalog; path = "Preview Assets.xcassets"; sourceTree = "<group>"; };
		DE58AFEE2A093DE500173718 /* PokedexTests.xctest */ = {isa = PBXFileReference; explicitFileType = wrapper.cfbundle; includeInIndex = 0; path = PokedexTests.xctest; sourceTree = BUILT_PRODUCTS_DIR; };
		DE58AFF22A093DE500173718 /* BaseSpecieDetailsRepositoryTests.swift */ = {isa = PBXFileReference; lastKnownFileType = sourcecode.swift; path = BaseSpecieDetailsRepositoryTests.swift; sourceTree = "<group>"; };
		DE58B00F2A0944D900173718 /* ApiClient.swift */ = {isa = PBXFileReference; lastKnownFileType = sourcecode.swift; path = ApiClient.swift; sourceTree = "<group>"; };
		DE58B0112A0944E600173718 /* URLSessionApiClient.swift */ = {isa = PBXFileReference; lastKnownFileType = sourcecode.swift; path = URLSessionApiClient.swift; sourceTree = "<group>"; };
		DE58B0132A0944FB00173718 /* Endpoint.swift */ = {isa = PBXFileReference; lastKnownFileType = sourcecode.swift; path = Endpoint.swift; sourceTree = "<group>"; };
		DE58B0152A09450800173718 /* EndpointConfiguration.swift */ = {isa = PBXFileReference; lastKnownFileType = sourcecode.swift; path = EndpointConfiguration.swift; sourceTree = "<group>"; };
		DE58B0172A09451300173718 /* BaseEndopoint.swift */ = {isa = PBXFileReference; lastKnownFileType = sourcecode.swift; path = BaseEndopoint.swift; sourceTree = "<group>"; };
		DE58B0192A09451F00173718 /* ApiConfiguration.swift */ = {isa = PBXFileReference; lastKnownFileType = sourcecode.swift; path = ApiConfiguration.swift; sourceTree = "<group>"; };
		DE58B01B2A09453C00173718 /* URLEncodable.swift */ = {isa = PBXFileReference; lastKnownFileType = sourcecode.swift; path = URLEncodable.swift; sourceTree = "<group>"; };
		DE58B01D2A09454D00173718 /* EncoderFactory.swift */ = {isa = PBXFileReference; lastKnownFileType = sourcecode.swift; path = EncoderFactory.swift; sourceTree = "<group>"; };
		DE58B01F2A09455A00173718 /* DecoderFactory.swift */ = {isa = PBXFileReference; lastKnownFileType = sourcecode.swift; path = DecoderFactory.swift; sourceTree = "<group>"; };
		DE58B0222A095B1300173718 /* PokeApiConfiguration.swift */ = {isa = PBXFileReference; lastKnownFileType = sourcecode.swift; path = PokeApiConfiguration.swift; sourceTree = "<group>"; };
		DE58B0242A095BFB00173718 /* PokeApiEndpointFactory.swift */ = {isa = PBXFileReference; lastKnownFileType = sourcecode.swift; path = PokeApiEndpointFactory.swift; sourceTree = "<group>"; };
		DE58B0262A095DBA00173718 /* PokeApi.swift */ = {isa = PBXFileReference; lastKnownFileType = sourcecode.swift; path = PokeApi.swift; sourceTree = "<group>"; };
		DE58B0292A095EA100173718 /* SpeciesPageRequest.swift */ = {isa = PBXFileReference; lastKnownFileType = sourcecode.swift; path = SpeciesPageRequest.swift; sourceTree = "<group>"; };
		DE58B02C2A095EB800173718 /* PageResponse.swift */ = {isa = PBXFileReference; lastKnownFileType = sourcecode.swift; path = PageResponse.swift; sourceTree = "<group>"; };
		DE58B02E2A095EC700173718 /* SpeciesListItem.swift */ = {isa = PBXFileReference; lastKnownFileType = sourcecode.swift; path = SpeciesListItem.swift; sourceTree = "<group>"; };
		DE58B0312A09948F00173718 /* SpeciesRepository.swift */ = {isa = PBXFileReference; lastKnownFileType = sourcecode.swift; path = SpeciesRepository.swift; sourceTree = "<group>"; };
		DE58B0342A09A60400173718 /* SpeciesListViewModel.swift */ = {isa = PBXFileReference; lastKnownFileType = sourcecode.swift; path = SpeciesListViewModel.swift; sourceTree = "<group>"; };
		DE58B0392A09C8D700173718 /* SpeciesPresentableListItem.swift */ = {isa = PBXFileReference; lastKnownFileType = sourcecode.swift; path = SpeciesPresentableListItem.swift; sourceTree = "<group>"; };
		DE58B03B2A09D46B00173718 /* Info.plist */ = {isa = PBXFileReference; lastKnownFileType = text.plist.xml; path = Info.plist; sourceTree = "<group>"; };
		DE58B03F2A09D65A00173718 /* SpecieCell.swift */ = {isa = PBXFileReference; lastKnownFileType = sourcecode.swift; path = SpecieCell.swift; sourceTree = "<group>"; };
		DED30FB12A0A85EB001EB806 /* SpecieDetailsRepository.swift */ = {isa = PBXFileReference; lastKnownFileType = sourcecode.swift; path = SpecieDetailsRepository.swift; sourceTree = "<group>"; };
		DED30FB32A0A9042001EB806 /* SpecieRequest.swift */ = {isa = PBXFileReference; lastKnownFileType = sourcecode.swift; path = SpecieRequest.swift; sourceTree = "<group>"; };
		DED30FB52A0A91C1001EB806 /* EvolutionChainResponse.swift */ = {isa = PBXFileReference; lastKnownFileType = sourcecode.swift; path = EvolutionChainResponse.swift; sourceTree = "<group>"; };
		DED30FB72A0A91D7001EB806 /* SpecieResponse.swift */ = {isa = PBXFileReference; lastKnownFileType = sourcecode.swift; path = SpecieResponse.swift; sourceTree = "<group>"; };
		DED30FB92A0A92E5001EB806 /* SpecieDetailsUseCase.swift */ = {isa = PBXFileReference; lastKnownFileType = sourcecode.swift; path = SpecieDetailsUseCase.swift; sourceTree = "<group>"; };
		DED30FBC2A0A9461001EB806 /* CommonConstants.swift */ = {isa = PBXFileReference; lastKnownFileType = sourcecode.swift; path = CommonConstants.swift; sourceTree = "<group>"; };
		DED30FBE2A0AB946001EB806 /* SpecieCardImageView.swift */ = {isa = PBXFileReference; lastKnownFileType = sourcecode.swift; path = SpecieCardImageView.swift; sourceTree = "<group>"; };
		DED30FC02A0AC7B2001EB806 /* View+Utils.swift */ = {isa = PBXFileReference; lastKnownFileType = sourcecode.swift; path = "View+Utils.swift"; sourceTree = "<group>"; };
		DED30FC62A0AD082001EB806 /* ServiceLocator.swift */ = {isa = PBXFileReference; lastKnownFileType = sourcecode.swift; path = ServiceLocator.swift; sourceTree = "<group>"; };
		DED30FC82A0AD09F001EB806 /* AppServiceLocator.swift */ = {isa = PBXFileReference; lastKnownFileType = sourcecode.swift; path = AppServiceLocator.swift; sourceTree = "<group>"; };
/* End PBXFileReference section */

/* Begin PBXFrameworksBuildPhase section */
		DE58AFDA2A093DE400173718 /* Frameworks */ = {
			isa = PBXFrameworksBuildPhase;
			buildActionMask = 2147483647;
			files = (
				DED30FC42A0AD02C001EB806 /* Swinject in Frameworks */,
			);
			runOnlyForDeploymentPostprocessing = 0;
		};
		DE58AFEB2A093DE500173718 /* Frameworks */ = {
			isa = PBXFrameworksBuildPhase;
			buildActionMask = 2147483647;
			files = (
				DE374CA02A0AE2A50019F74D /* OHHTTPStubsSwift in Frameworks */,
			);
			runOnlyForDeploymentPostprocessing = 0;
		};
/* End PBXFrameworksBuildPhase section */

/* Begin PBXGroup section */
		DE374C9B2A0AE0190019F74D /* Mocks */ = {
			isa = PBXGroup;
			children = (
			);
			path = Mocks;
			sourceTree = "<group>";
		};
		DE3BAC6D2A0A6D7300AFA748 /* Species List */ = {
			isa = PBXGroup;
			children = (
				DE58AFE22A093DE400173718 /* SpeciesListView.swift */,
				DE58B0342A09A60400173718 /* SpeciesListViewModel.swift */,
				DE58B03C2A09D63500173718 /* Views */,
				DE58B0382A09C8C700173718 /* Entities */,
			);
			path = "Species List";
			sourceTree = "<group>";
		};
		DE3BAC6E2A0A6D7D00AFA748 /* Specie Details */ = {
			isa = PBXGroup;
			children = (
				DE3BAC6F2A0A6DCC00AFA748 /* SpecieDetailsView.swift */,
				DE3BAC712A0A6DD800AFA748 /* SpecieDetailsViewModel.swift */,
				DED30FB92A0A92E5001EB806 /* SpecieDetailsUseCase.swift */,
			);
			path = "Specie Details";
			sourceTree = "<group>";
		};
		DE3BAC752A0A788400AFA748 /* CommonViews */ = {
			isa = PBXGroup;
			children = (
				DE3BAC732A0A785E00AFA748 /* CardView.swift */,
				DE3BAC762A0A78FF00AFA748 /* SpecieImageView.swift */,
				DED30FBE2A0AB946001EB806 /* SpecieCardImageView.swift */,
			);
			path = CommonViews;
			sourceTree = "<group>";
		};
		DE58AFD42A093DE400173718 = {
			isa = PBXGroup;
			children = (
				DE58AFDF2A093DE400173718 /* Pokedex */,
				DE58AFF12A093DE500173718 /* PokedexTests */,
				DE58AFDE2A093DE400173718 /* Products */,
			);
			sourceTree = "<group>";
		};
		DE58AFDE2A093DE400173718 /* Products */ = {
			isa = PBXGroup;
			children = (
				DE58AFDD2A093DE400173718 /* Pokedex.app */,
				DE58AFEE2A093DE500173718 /* PokedexTests.xctest */,
			);
			name = Products;
			sourceTree = "<group>";
		};
		DE58AFDF2A093DE400173718 /* Pokedex */ = {
			isa = PBXGroup;
			children = (
				DE58B00B2A0941FB00173718 /* Sources */,
				DE58B00C2A09420400173718 /* Resources */,
				DE58AFE72A093DE500173718 /* Preview Content */,
			);
			path = Pokedex;
			sourceTree = "<group>";
		};
		DE58AFE72A093DE500173718 /* Preview Content */ = {
			isa = PBXGroup;
			children = (
				DE58AFE82A093DE500173718 /* Preview Assets.xcassets */,
			);
			path = "Preview Content";
			sourceTree = "<group>";
		};
		DE58AFF12A093DE500173718 /* PokedexTests */ = {
			isa = PBXGroup;
			children = (
				DE58AFF22A093DE500173718 /* BaseSpecieDetailsRepositoryTests.swift */,
				DE374CA12A0AE5760019F74D /* specieDetails.json */,
				DE374CA32A0AE8460019F74D /* evolutionChain.json */,
				DE374C9B2A0AE0190019F74D /* Mocks */,
			);
			path = PokedexTests;
			sourceTree = "<group>";
		};
		DE58B00B2A0941FB00173718 /* Sources */ = {
			isa = PBXGroup;
			children = (
				DE58AFE02A093DE400173718 /* PokedexApp.swift */,
				DED30FC52A0AD07A001EB806 /* DI */,
				DED30FBB2A0A9456001EB806 /* Utils */,
				DE3BAC752A0A788400AFA748 /* CommonViews */,
				DE58B0332A099F2B00173718 /* Modules */,
				DE58B0302A097ED800173718 /* Repositories */,
				DE58B00D2A0944A400173718 /* Network */,
			);
			path = Sources;
			sourceTree = "<group>";
		};
		DE58B00C2A09420400173718 /* Resources */ = {
			isa = PBXGroup;
			children = (
				DE58B03B2A09D46B00173718 /* Info.plist */,
				DE58AFE42A093DE500173718 /* Assets.xcassets */,
				DE58AFE62A093DE500173718 /* Pokedex.entitlements */,
			);
			path = Resources;
			sourceTree = "<group>";
		};
		DE58B00D2A0944A400173718 /* Network */ = {
			isa = PBXGroup;
			children = (
				DE58B0212A095AF600173718 /* PokeAPI */,
				DE58B00E2A0944AF00173718 /* Common */,
			);
			path = Network;
			sourceTree = "<group>";
		};
		DE58B00E2A0944AF00173718 /* Common */ = {
			isa = PBXGroup;
			children = (
				DE58B00F2A0944D900173718 /* ApiClient.swift */,
				DE58B0112A0944E600173718 /* URLSessionApiClient.swift */,
				DE58B0132A0944FB00173718 /* Endpoint.swift */,
				DE58B0152A09450800173718 /* EndpointConfiguration.swift */,
				DE58B0172A09451300173718 /* BaseEndopoint.swift */,
				DE58B0192A09451F00173718 /* ApiConfiguration.swift */,
				DE58B01B2A09453C00173718 /* URLEncodable.swift */,
				DE58B01D2A09454D00173718 /* EncoderFactory.swift */,
				DE58B01F2A09455A00173718 /* DecoderFactory.swift */,
			);
			path = Common;
			sourceTree = "<group>";
		};
		DE58B0212A095AF600173718 /* PokeAPI */ = {
			isa = PBXGroup;
			children = (
				DE58B0222A095B1300173718 /* PokeApiConfiguration.swift */,
				DE58B0242A095BFB00173718 /* PokeApiEndpointFactory.swift */,
				DE58B0262A095DBA00173718 /* PokeApi.swift */,
				DE58B0282A095E9500173718 /* Entities */,
			);
			path = PokeAPI;
			sourceTree = "<group>";
		};
		DE58B0282A095E9500173718 /* Entities */ = {
			isa = PBXGroup;
			children = (
				DE58B0292A095EA100173718 /* SpeciesPageRequest.swift */,
				DED30FB32A0A9042001EB806 /* SpecieRequest.swift */,
				DE58B02C2A095EB800173718 /* PageResponse.swift */,
				DE58B02E2A095EC700173718 /* SpeciesListItem.swift */,
				DED30FB72A0A91D7001EB806 /* SpecieResponse.swift */,
				DED30FB52A0A91C1001EB806 /* EvolutionChainResponse.swift */,
			);
			path = Entities;
			sourceTree = "<group>";
		};
		DE58B0302A097ED800173718 /* Repositories */ = {
			isa = PBXGroup;
			children = (
				DE58B0312A09948F00173718 /* SpeciesRepository.swift */,
				DED30FB12A0A85EB001EB806 /* SpecieDetailsRepository.swift */,
			);
			path = Repositories;
			sourceTree = "<group>";
		};
		DE58B0332A099F2B00173718 /* Modules */ = {
			isa = PBXGroup;
			children = (
				DE3BAC6D2A0A6D7300AFA748 /* Species List */,
				DE3BAC6E2A0A6D7D00AFA748 /* Specie Details */,
			);
			path = Modules;
			sourceTree = "<group>";
		};
		DE58B0382A09C8C700173718 /* Entities */ = {
			isa = PBXGroup;
			children = (
				DE58B0392A09C8D700173718 /* SpeciesPresentableListItem.swift */,
			);
			path = Entities;
			sourceTree = "<group>";
		};
		DE58B03C2A09D63500173718 /* Views */ = {
			isa = PBXGroup;
			children = (
				DE58B03F2A09D65A00173718 /* SpecieCell.swift */,
			);
			path = Views;
			sourceTree = "<group>";
		};
		DED30FBB2A0A9456001EB806 /* Utils */ = {
			isa = PBXGroup;
			children = (
				DED30FBC2A0A9461001EB806 /* CommonConstants.swift */,
				DED30FC02A0AC7B2001EB806 /* View+Utils.swift */,
			);
			path = Utils;
			sourceTree = "<group>";
		};
		DED30FC52A0AD07A001EB806 /* DI */ = {
			isa = PBXGroup;
			children = (
				DED30FC62A0AD082001EB806 /* ServiceLocator.swift */,
				DED30FC82A0AD09F001EB806 /* AppServiceLocator.swift */,
			);
			path = DI;
			sourceTree = "<group>";
		};
/* End PBXGroup section */

/* Begin PBXNativeTarget section */
		DE58AFDC2A093DE400173718 /* Pokedex */ = {
			isa = PBXNativeTarget;
			buildConfigurationList = DE58B0022A093DE500173718 /* Build configuration list for PBXNativeTarget "Pokedex" */;
			buildPhases = (
				DE58AFD92A093DE400173718 /* Sources */,
				DE58AFDA2A093DE400173718 /* Frameworks */,
				DE58AFDB2A093DE400173718 /* Resources */,
			);
			buildRules = (
			);
			dependencies = (
			);
			name = Pokedex;
			packageProductDependencies = (
				DED30FC32A0AD02C001EB806 /* Swinject */,
			);
			productName = Pokedex;
			productReference = DE58AFDD2A093DE400173718 /* Pokedex.app */;
			productType = "com.apple.product-type.application";
		};
		DE58AFED2A093DE500173718 /* PokedexTests */ = {
			isa = PBXNativeTarget;
			buildConfigurationList = DE58B0052A093DE500173718 /* Build configuration list for PBXNativeTarget "PokedexTests" */;
			buildPhases = (
				DE58AFEA2A093DE500173718 /* Sources */,
				DE58AFEB2A093DE500173718 /* Frameworks */,
				DE58AFEC2A093DE500173718 /* Resources */,
			);
			buildRules = (
			);
			dependencies = (
				DE58AFF02A093DE500173718 /* PBXTargetDependency */,
			);
			name = PokedexTests;
			packageProductDependencies = (
				DE374C9F2A0AE2A50019F74D /* OHHTTPStubsSwift */,
			);
			productName = PokedexTests;
			productReference = DE58AFEE2A093DE500173718 /* PokedexTests.xctest */;
			productType = "com.apple.product-type.bundle.unit-test";
		};
/* End PBXNativeTarget section */

/* Begin PBXProject section */
		DE58AFD52A093DE400173718 /* Project object */ = {
			isa = PBXProject;
			attributes = {
				BuildIndependentTargetsInParallel = 1;
				LastSwiftUpdateCheck = 1420;
				LastUpgradeCheck = 1420;
				TargetAttributes = {
					DE58AFDC2A093DE400173718 = {
						CreatedOnToolsVersion = 14.2;
					};
					DE58AFED2A093DE500173718 = {
						CreatedOnToolsVersion = 14.2;
						TestTargetID = DE58AFDC2A093DE400173718;
					};
				};
			};
			buildConfigurationList = DE58AFD82A093DE400173718 /* Build configuration list for PBXProject "Pokedex" */;
			compatibilityVersion = "Xcode 14.0";
			developmentRegion = en;
			hasScannedForEncodings = 0;
			knownRegions = (
				en,
				Base,
			);
			mainGroup = DE58AFD42A093DE400173718;
			packageReferences = (
				DED30FC22A0AD02C001EB806 /* XCRemoteSwiftPackageReference "Swinject" */,
				DE374C9E2A0AE2A50019F74D /* XCRemoteSwiftPackageReference "OHHTTPStubs" */,
			);
			productRefGroup = DE58AFDE2A093DE400173718 /* Products */;
			projectDirPath = "";
			projectRoot = "";
			targets = (
				DE58AFDC2A093DE400173718 /* Pokedex */,
				DE58AFED2A093DE500173718 /* PokedexTests */,
			);
		};
/* End PBXProject section */

/* Begin PBXResourcesBuildPhase section */
		DE58AFDB2A093DE400173718 /* Resources */ = {
			isa = PBXResourcesBuildPhase;
			buildActionMask = 2147483647;
			files = (
				DE58AFE92A093DE500173718 /* Preview Assets.xcassets in Resources */,
				DE58AFE52A093DE500173718 /* Assets.xcassets in Resources */,
			);
			runOnlyForDeploymentPostprocessing = 0;
		};
		DE58AFEC2A093DE500173718 /* Resources */ = {
			isa = PBXResourcesBuildPhase;
			buildActionMask = 2147483647;
			files = (
				DE374CA22A0AE5760019F74D /* specieDetails.json in Resources */,
				DE374CA42A0AE8460019F74D /* evolutionChain.json in Resources */,
			);
			runOnlyForDeploymentPostprocessing = 0;
		};
/* End PBXResourcesBuildPhase section */

/* Begin PBXSourcesBuildPhase section */
		DE58AFD92A093DE400173718 /* Sources */ = {
			isa = PBXSourcesBuildPhase;
			buildActionMask = 2147483647;
			files = (
				DE3BAC722A0A6DD800AFA748 /* SpecieDetailsViewModel.swift in Sources */,
				DED30FB42A0A9042001EB806 /* SpecieRequest.swift in Sources */,
				DE58B0182A09451300173718 /* BaseEndopoint.swift in Sources */,
				DE58B01E2A09454D00173718 /* EncoderFactory.swift in Sources */,
				DE58B0232A095B1300173718 /* PokeApiConfiguration.swift in Sources */,
				DED30FC92A0AD09F001EB806 /* AppServiceLocator.swift in Sources */,
				DED30FBF2A0AB946001EB806 /* SpecieCardImageView.swift in Sources */,
				DE58B02A2A095EA100173718 /* SpeciesPageRequest.swift in Sources */,
				DED30FB82A0A91D7001EB806 /* SpecieResponse.swift in Sources */,
				DE58B0272A095DBA00173718 /* PokeApi.swift in Sources */,
				DED30FBD2A0A9461001EB806 /* CommonConstants.swift in Sources */,
				DED30FB22A0A85EB001EB806 /* SpecieDetailsRepository.swift in Sources */,
				DE58B0122A0944E600173718 /* URLSessionApiClient.swift in Sources */,
				DE58B0322A09948F00173718 /* SpeciesRepository.swift in Sources */,
				DE58B0162A09450800173718 /* EndpointConfiguration.swift in Sources */,
				DE3BAC702A0A6DCC00AFA748 /* SpecieDetailsView.swift in Sources */,
				DE58B01A2A09451F00173718 /* ApiConfiguration.swift in Sources */,
				DE58B0252A095BFB00173718 /* PokeApiEndpointFactory.swift in Sources */,
				DE58B02F2A095EC700173718 /* SpeciesListItem.swift in Sources */,
				DE58B02D2A095EB800173718 /* PageResponse.swift in Sources */,
				DED30FBA2A0A92E5001EB806 /* SpecieDetailsUseCase.swift in Sources */,
				DE58B0402A09D65A00173718 /* SpecieCell.swift in Sources */,
				DE58AFE32A093DE400173718 /* SpeciesListView.swift in Sources */,
				DE58AFE12A093DE400173718 /* PokedexApp.swift in Sources */,
				DE58B0352A09A60400173718 /* SpeciesListViewModel.swift in Sources */,
				DE58B0202A09455A00173718 /* DecoderFactory.swift in Sources */,
				DE3BAC772A0A78FF00AFA748 /* SpecieImageView.swift in Sources */,
				DED30FB62A0A91C1001EB806 /* EvolutionChainResponse.swift in Sources */,
				DE58B01C2A09453C00173718 /* URLEncodable.swift in Sources */,
				DED30FC12A0AC7B2001EB806 /* View+Utils.swift in Sources */,
				DE58B0102A0944D900173718 /* ApiClient.swift in Sources */,
				DE58B0142A0944FB00173718 /* Endpoint.swift in Sources */,
				DE3BAC742A0A785E00AFA748 /* CardView.swift in Sources */,
				DED30FC72A0AD082001EB806 /* ServiceLocator.swift in Sources */,
				DE58B03A2A09C8D700173718 /* SpeciesPresentableListItem.swift in Sources */,
			);
			runOnlyForDeploymentPostprocessing = 0;
		};
		DE58AFEA2A093DE500173718 /* Sources */ = {
			isa = PBXSourcesBuildPhase;
			buildActionMask = 2147483647;
			files = (
				DE58AFF32A093DE500173718 /* BaseSpecieDetailsRepositoryTests.swift in Sources */,
			);
			runOnlyForDeploymentPostprocessing = 0;
		};
/* End PBXSourcesBuildPhase section */

/* Begin PBXTargetDependency section */
		DE58AFF02A093DE500173718 /* PBXTargetDependency */ = {
			isa = PBXTargetDependency;
			target = DE58AFDC2A093DE400173718 /* Pokedex */;
			targetProxy = DE58AFEF2A093DE500173718 /* PBXContainerItemProxy */;
		};
/* End PBXTargetDependency section */

/* Begin XCBuildConfiguration section */
		DE58B0002A093DE500173718 /* Debug */ = {
			isa = XCBuildConfiguration;
			buildSettings = {
				ALWAYS_SEARCH_USER_PATHS = NO;
				CLANG_ANALYZER_NONNULL = YES;
				CLANG_ANALYZER_NUMBER_OBJECT_CONVERSION = YES_AGGRESSIVE;
				CLANG_CXX_LANGUAGE_STANDARD = "gnu++20";
				CLANG_ENABLE_MODULES = YES;
				CLANG_ENABLE_OBJC_ARC = YES;
				CLANG_ENABLE_OBJC_WEAK = YES;
				CLANG_WARN_BLOCK_CAPTURE_AUTORELEASING = YES;
				CLANG_WARN_BOOL_CONVERSION = YES;
				CLANG_WARN_COMMA = YES;
				CLANG_WARN_CONSTANT_CONVERSION = YES;
				CLANG_WARN_DEPRECATED_OBJC_IMPLEMENTATIONS = YES;
				CLANG_WARN_DIRECT_OBJC_ISA_USAGE = YES_ERROR;
				CLANG_WARN_DOCUMENTATION_COMMENTS = YES;
				CLANG_WARN_EMPTY_BODY = YES;
				CLANG_WARN_ENUM_CONVERSION = YES;
				CLANG_WARN_INFINITE_RECURSION = YES;
				CLANG_WARN_INT_CONVERSION = YES;
				CLANG_WARN_NON_LITERAL_NULL_CONVERSION = YES;
				CLANG_WARN_OBJC_IMPLICIT_RETAIN_SELF = YES;
				CLANG_WARN_OBJC_LITERAL_CONVERSION = YES;
				CLANG_WARN_OBJC_ROOT_CLASS = YES_ERROR;
				CLANG_WARN_QUOTED_INCLUDE_IN_FRAMEWORK_HEADER = YES;
				CLANG_WARN_RANGE_LOOP_ANALYSIS = YES;
				CLANG_WARN_STRICT_PROTOTYPES = YES;
				CLANG_WARN_SUSPICIOUS_MOVE = YES;
				CLANG_WARN_UNGUARDED_AVAILABILITY = YES_AGGRESSIVE;
				CLANG_WARN_UNREACHABLE_CODE = YES;
				CLANG_WARN__DUPLICATE_METHOD_MATCH = YES;
				COPY_PHASE_STRIP = NO;
				DEBUG_INFORMATION_FORMAT = dwarf;
				ENABLE_STRICT_OBJC_MSGSEND = YES;
				ENABLE_TESTABILITY = YES;
				GCC_C_LANGUAGE_STANDARD = gnu11;
				GCC_DYNAMIC_NO_PIC = NO;
				GCC_NO_COMMON_BLOCKS = YES;
				GCC_OPTIMIZATION_LEVEL = 0;
				GCC_PREPROCESSOR_DEFINITIONS = (
					"DEBUG=1",
					"$(inherited)",
				);
				GCC_WARN_64_TO_32_BIT_CONVERSION = YES;
				GCC_WARN_ABOUT_RETURN_TYPE = YES_ERROR;
				GCC_WARN_UNDECLARED_SELECTOR = YES;
				GCC_WARN_UNINITIALIZED_AUTOS = YES_AGGRESSIVE;
				GCC_WARN_UNUSED_FUNCTION = YES;
				GCC_WARN_UNUSED_VARIABLE = YES;
				MTL_ENABLE_DEBUG_INFO = INCLUDE_SOURCE;
				MTL_FAST_MATH = YES;
				ONLY_ACTIVE_ARCH = YES;
				SWIFT_ACTIVE_COMPILATION_CONDITIONS = DEBUG;
				SWIFT_OPTIMIZATION_LEVEL = "-Onone";
			};
			name = Debug;
		};
		DE58B0012A093DE500173718 /* Release */ = {
			isa = XCBuildConfiguration;
			buildSettings = {
				ALWAYS_SEARCH_USER_PATHS = NO;
				CLANG_ANALYZER_NONNULL = YES;
				CLANG_ANALYZER_NUMBER_OBJECT_CONVERSION = YES_AGGRESSIVE;
				CLANG_CXX_LANGUAGE_STANDARD = "gnu++20";
				CLANG_ENABLE_MODULES = YES;
				CLANG_ENABLE_OBJC_ARC = YES;
				CLANG_ENABLE_OBJC_WEAK = YES;
				CLANG_WARN_BLOCK_CAPTURE_AUTORELEASING = YES;
				CLANG_WARN_BOOL_CONVERSION = YES;
				CLANG_WARN_COMMA = YES;
				CLANG_WARN_CONSTANT_CONVERSION = YES;
				CLANG_WARN_DEPRECATED_OBJC_IMPLEMENTATIONS = YES;
				CLANG_WARN_DIRECT_OBJC_ISA_USAGE = YES_ERROR;
				CLANG_WARN_DOCUMENTATION_COMMENTS = YES;
				CLANG_WARN_EMPTY_BODY = YES;
				CLANG_WARN_ENUM_CONVERSION = YES;
				CLANG_WARN_INFINITE_RECURSION = YES;
				CLANG_WARN_INT_CONVERSION = YES;
				CLANG_WARN_NON_LITERAL_NULL_CONVERSION = YES;
				CLANG_WARN_OBJC_IMPLICIT_RETAIN_SELF = YES;
				CLANG_WARN_OBJC_LITERAL_CONVERSION = YES;
				CLANG_WARN_OBJC_ROOT_CLASS = YES_ERROR;
				CLANG_WARN_QUOTED_INCLUDE_IN_FRAMEWORK_HEADER = YES;
				CLANG_WARN_RANGE_LOOP_ANALYSIS = YES;
				CLANG_WARN_STRICT_PROTOTYPES = YES;
				CLANG_WARN_SUSPICIOUS_MOVE = YES;
				CLANG_WARN_UNGUARDED_AVAILABILITY = YES_AGGRESSIVE;
				CLANG_WARN_UNREACHABLE_CODE = YES;
				CLANG_WARN__DUPLICATE_METHOD_MATCH = YES;
				COPY_PHASE_STRIP = NO;
				DEBUG_INFORMATION_FORMAT = "dwarf-with-dsym";
				ENABLE_NS_ASSERTIONS = NO;
				ENABLE_STRICT_OBJC_MSGSEND = YES;
				GCC_C_LANGUAGE_STANDARD = gnu11;
				GCC_NO_COMMON_BLOCKS = YES;
				GCC_WARN_64_TO_32_BIT_CONVERSION = YES;
				GCC_WARN_ABOUT_RETURN_TYPE = YES_ERROR;
				GCC_WARN_UNDECLARED_SELECTOR = YES;
				GCC_WARN_UNINITIALIZED_AUTOS = YES_AGGRESSIVE;
				GCC_WARN_UNUSED_FUNCTION = YES;
				GCC_WARN_UNUSED_VARIABLE = YES;
				MTL_ENABLE_DEBUG_INFO = NO;
				MTL_FAST_MATH = YES;
				SWIFT_COMPILATION_MODE = wholemodule;
				SWIFT_OPTIMIZATION_LEVEL = "-O";
			};
			name = Release;
		};
		DE58B0032A093DE500173718 /* Debug */ = {
			isa = XCBuildConfiguration;
			buildSettings = {
				ASSETCATALOG_COMPILER_APPICON_NAME = AppIcon;
				ASSETCATALOG_COMPILER_GLOBAL_ACCENT_COLOR_NAME = AccentColor;
				CODE_SIGN_ENTITLEMENTS = Pokedex/Resources/Pokedex.entitlements;
				CODE_SIGN_STYLE = Automatic;
				CURRENT_PROJECT_VERSION = 1;
				DEVELOPMENT_ASSET_PATHS = "\"Pokedex/Preview Content\"";
				DEVELOPMENT_TEAM = 245RD789RF;
				ENABLE_HARDENED_RUNTIME = YES;
				ENABLE_PREVIEWS = YES;
				GENERATE_INFOPLIST_FILE = YES;
				INFOPLIST_FILE = Pokedex/Resources/Info.plist;
				"INFOPLIST_KEY_UIApplicationSceneManifest_Generation[sdk=iphoneos*]" = YES;
				"INFOPLIST_KEY_UIApplicationSceneManifest_Generation[sdk=iphonesimulator*]" = YES;
				"INFOPLIST_KEY_UIApplicationSupportsIndirectInputEvents[sdk=iphoneos*]" = YES;
				"INFOPLIST_KEY_UIApplicationSupportsIndirectInputEvents[sdk=iphonesimulator*]" = YES;
				"INFOPLIST_KEY_UILaunchScreen_Generation[sdk=iphoneos*]" = YES;
				"INFOPLIST_KEY_UILaunchScreen_Generation[sdk=iphonesimulator*]" = YES;
				"INFOPLIST_KEY_UIStatusBarStyle[sdk=iphoneos*]" = UIStatusBarStyleDefault;
				"INFOPLIST_KEY_UIStatusBarStyle[sdk=iphonesimulator*]" = UIStatusBarStyleDefault;
				INFOPLIST_KEY_UISupportedInterfaceOrientations = "UIInterfaceOrientationLandscapeLeft UIInterfaceOrientationLandscapeRight UIInterfaceOrientationPortrait";
				INFOPLIST_KEY_UISupportedInterfaceOrientations_iPad = "UIInterfaceOrientationLandscapeLeft UIInterfaceOrientationLandscapeRight UIInterfaceOrientationPortrait UIInterfaceOrientationPortraitUpsideDown";
				IPHONEOS_DEPLOYMENT_TARGET = 16.2;
				LD_RUNPATH_SEARCH_PATHS = "@executable_path/Frameworks";
				"LD_RUNPATH_SEARCH_PATHS[sdk=macosx*]" = "@executable_path/../Frameworks";
				MACOSX_DEPLOYMENT_TARGET = 12.6;
				MARKETING_VERSION = 1.0;
				PRODUCT_BUNDLE_IDENTIFIER = com.aahibalau.challenge.Pokedex;
				PRODUCT_NAME = "$(TARGET_NAME)";
				SDKROOT = auto;
				SUPPORTED_PLATFORMS = "iphoneos iphonesimulator";
				SUPPORTS_MACCATALYST = NO;
				SUPPORTS_MAC_DESIGNED_FOR_IPHONE_IPAD = NO;
				SWIFT_EMIT_LOC_STRINGS = YES;
				SWIFT_VERSION = 5.0;
				TARGETED_DEVICE_FAMILY = 1;
			};
			name = Debug;
		};
		DE58B0042A093DE500173718 /* Release */ = {
			isa = XCBuildConfiguration;
			buildSettings = {
				ASSETCATALOG_COMPILER_APPICON_NAME = AppIcon;
				ASSETCATALOG_COMPILER_GLOBAL_ACCENT_COLOR_NAME = AccentColor;
				CODE_SIGN_ENTITLEMENTS = Pokedex/Resources/Pokedex.entitlements;
				CODE_SIGN_STYLE = Automatic;
				CURRENT_PROJECT_VERSION = 1;
				DEVELOPMENT_ASSET_PATHS = "\"Pokedex/Preview Content\"";
				DEVELOPMENT_TEAM = 245RD789RF;
				ENABLE_HARDENED_RUNTIME = YES;
				ENABLE_PREVIEWS = YES;
				GENERATE_INFOPLIST_FILE = YES;
				INFOPLIST_FILE = Pokedex/Resources/Info.plist;
				"INFOPLIST_KEY_UIApplicationSceneManifest_Generation[sdk=iphoneos*]" = YES;
				"INFOPLIST_KEY_UIApplicationSceneManifest_Generation[sdk=iphonesimulator*]" = YES;
				"INFOPLIST_KEY_UIApplicationSupportsIndirectInputEvents[sdk=iphoneos*]" = YES;
				"INFOPLIST_KEY_UIApplicationSupportsIndirectInputEvents[sdk=iphonesimulator*]" = YES;
				"INFOPLIST_KEY_UILaunchScreen_Generation[sdk=iphoneos*]" = YES;
				"INFOPLIST_KEY_UILaunchScreen_Generation[sdk=iphonesimulator*]" = YES;
				"INFOPLIST_KEY_UIStatusBarStyle[sdk=iphoneos*]" = UIStatusBarStyleDefault;
				"INFOPLIST_KEY_UIStatusBarStyle[sdk=iphonesimulator*]" = UIStatusBarStyleDefault;
				INFOPLIST_KEY_UISupportedInterfaceOrientations = "UIInterfaceOrientationLandscapeLeft UIInterfaceOrientationLandscapeRight UIInterfaceOrientationPortrait";
				INFOPLIST_KEY_UISupportedInterfaceOrientations_iPad = "UIInterfaceOrientationLandscapeLeft UIInterfaceOrientationLandscapeRight UIInterfaceOrientationPortrait UIInterfaceOrientationPortraitUpsideDown";
				IPHONEOS_DEPLOYMENT_TARGET = 16.2;
				LD_RUNPATH_SEARCH_PATHS = "@executable_path/Frameworks";
				"LD_RUNPATH_SEARCH_PATHS[sdk=macosx*]" = "@executable_path/../Frameworks";
				MACOSX_DEPLOYMENT_TARGET = 12.6;
				MARKETING_VERSION = 1.0;
				PRODUCT_BUNDLE_IDENTIFIER = com.aahibalau.challenge.Pokedex;
				PRODUCT_NAME = "$(TARGET_NAME)";
				SDKROOT = auto;
				SUPPORTED_PLATFORMS = "iphoneos iphonesimulator";
				SUPPORTS_MACCATALYST = NO;
				SUPPORTS_MAC_DESIGNED_FOR_IPHONE_IPAD = NO;
				SWIFT_EMIT_LOC_STRINGS = YES;
				SWIFT_VERSION = 5.0;
				TARGETED_DEVICE_FAMILY = 1;
			};
			name = Release;
		};
		DE58B0062A093DE500173718 /* Debug */ = {
			isa = XCBuildConfiguration;
			buildSettings = {
				ALWAYS_EMBED_SWIFT_STANDARD_LIBRARIES = YES;
				BUNDLE_LOADER = "$(TEST_HOST)";
				CODE_SIGN_STYLE = Automatic;
				CURRENT_PROJECT_VERSION = 1;
				DEVELOPMENT_TEAM = TMZADGJG8J;
				GENERATE_INFOPLIST_FILE = YES;
				IPHONEOS_DEPLOYMENT_TARGET = 16.2;
				MACOSX_DEPLOYMENT_TARGET = 12.6;
				MARKETING_VERSION = 1.0;
				PRODUCT_BUNDLE_IDENTIFIER = com.aahibalau.PokedexTests;
				PRODUCT_NAME = "$(TARGET_NAME)";
				SDKROOT = auto;
				SUPPORTED_PLATFORMS = "iphoneos iphonesimulator macosx";
				SWIFT_EMIT_LOC_STRINGS = NO;
				SWIFT_VERSION = 5.0;
				TARGETED_DEVICE_FAMILY = "1,2";
				TEST_HOST = "$(BUILT_PRODUCTS_DIR)/Pokedex.app/$(BUNDLE_EXECUTABLE_FOLDER_PATH)/Pokedex";
			};
			name = Debug;
		};
		DE58B0072A093DE500173718 /* Release */ = {
			isa = XCBuildConfiguration;
			buildSettings = {
				ALWAYS_EMBED_SWIFT_STANDARD_LIBRARIES = YES;
				BUNDLE_LOADER = "$(TEST_HOST)";
				CODE_SIGN_STYLE = Automatic;
				CURRENT_PROJECT_VERSION = 1;
				DEVELOPMENT_TEAM = TMZADGJG8J;
				GENERATE_INFOPLIST_FILE = YES;
				IPHONEOS_DEPLOYMENT_TARGET = 16.2;
				MACOSX_DEPLOYMENT_TARGET = 12.6;
				MARKETING_VERSION = 1.0;
				PRODUCT_BUNDLE_IDENTIFIER = com.aahibalau.PokedexTests;
				PRODUCT_NAME = "$(TARGET_NAME)";
				SDKROOT = auto;
				SUPPORTED_PLATFORMS = "iphoneos iphonesimulator macosx";
				SWIFT_EMIT_LOC_STRINGS = NO;
				SWIFT_VERSION = 5.0;
				TARGETED_DEVICE_FAMILY = "1,2";
				TEST_HOST = "$(BUILT_PRODUCTS_DIR)/Pokedex.app/$(BUNDLE_EXECUTABLE_FOLDER_PATH)/Pokedex";
			};
			name = Release;
		};
/* End XCBuildConfiguration section */

/* Begin XCConfigurationList section */
		DE58AFD82A093DE400173718 /* Build configuration list for PBXProject "Pokedex" */ = {
			isa = XCConfigurationList;
			buildConfigurations = (
				DE58B0002A093DE500173718 /* Debug */,
				DE58B0012A093DE500173718 /* Release */,
			);
			defaultConfigurationIsVisible = 0;
			defaultConfigurationName = Release;
		};
		DE58B0022A093DE500173718 /* Build configuration list for PBXNativeTarget "Pokedex" */ = {
			isa = XCConfigurationList;
			buildConfigurations = (
				DE58B0032A093DE500173718 /* Debug */,
				DE58B0042A093DE500173718 /* Release */,
			);
			defaultConfigurationIsVisible = 0;
			defaultConfigurationName = Release;
		};
		DE58B0052A093DE500173718 /* Build configuration list for PBXNativeTarget "PokedexTests" */ = {
			isa = XCConfigurationList;
			buildConfigurations = (
				DE58B0062A093DE500173718 /* Debug */,
				DE58B0072A093DE500173718 /* Release */,
			);
			defaultConfigurationIsVisible = 0;
			defaultConfigurationName = Release;
		};
/* End XCConfigurationList section */

/* Begin XCRemoteSwiftPackageReference section */
		DE374C9E2A0AE2A50019F74D /* XCRemoteSwiftPackageReference "OHHTTPStubs" */ = {
			isa = XCRemoteSwiftPackageReference;
			repositoryURL = "https://github.com/AliSoftware/OHHTTPStubs";
			requirement = {
				kind = upToNextMajorVersion;
				minimumVersion = 9.0.0;
			};
		};
		DED30FC22A0AD02C001EB806 /* XCRemoteSwiftPackageReference "Swinject" */ = {
			isa = XCRemoteSwiftPackageReference;
			repositoryURL = "https://github.com/Swinject/Swinject";
			requirement = {
				kind = upToNextMajorVersion;
				minimumVersion = 2.0.0;
			};
		};
/* End XCRemoteSwiftPackageReference section */

/* Begin XCSwiftPackageProductDependency section */
		DE374C9F2A0AE2A50019F74D /* OHHTTPStubsSwift */ = {
			isa = XCSwiftPackageProductDependency;
			package = DE374C9E2A0AE2A50019F74D /* XCRemoteSwiftPackageReference "OHHTTPStubs" */;
			productName = OHHTTPStubsSwift;
		};
		DED30FC32A0AD02C001EB806 /* Swinject */ = {
			isa = XCSwiftPackageProductDependency;
			package = DED30FC22A0AD02C001EB806 /* XCRemoteSwiftPackageReference "Swinject" */;
			productName = Swinject;
		};
/* End XCSwiftPackageProductDependency section */
	};
	rootObject = DE58AFD52A093DE400173718 /* Project object */;
}
